
Microsoft Visual Studio Solution File, Format Version 12.00
# Visual Studio Version 17
VisualStudioVersion = 17.0.32014.148
MinimumVisualStudioVersion = 10.0.40219.1
Project("{9A19103F-16F7-4668-BE54-9A1E7A4F7556}") = "OnlineStoreSDP221Dapper", "OnlineStoreSDP221Dapper\OnlineStoreSDP221Dapper.csproj", "{7AFEE896-CE3B-47CA-8E64-D804C17C327E}"
EndProject
Project("{9A19103F-16F7-4668-BE54-9A1E7A4F7556}") = "OnlineStore.Repository.Interfaces", "OnlineStore.Repository.Interfaces\OnlineStore.Repository.Interfaces.csproj", "{15526540-C89B-47B2-BDD3-EC244DE4D2DE}"
EndProject
Project("{9A19103F-16F7-4668-BE54-9A1E7A4F7556}") = "OnlineStore.Model", "OnlineStore.Model\OnlineStore.Model.csproj", "{2EDB41DB-F663-4403-9407-1A7EA1EB01E0}"
EndProject
Project("{9A19103F-16F7-4668-BE54-9A1E7A4F7556}") = "OnlineStore.Repository.Impl", "OnlineStore.Repository.Impl\OnlineStore.Repository.Impl.csproj", "{C7BC1969-FC5E-4704-99E8-611F6B064DE9}"
EndProject
Project("{FAE04EC0-301F-11D3-BF4B-00C04F79EFBC}") = "OnlineStore.Services.Interfaces", "OnlineStore.Services.Interfaces\OnlineStore.Services.Interfaces.csproj", "{A07086F6-156E-4331-8105-C16970C8D314}"
EndProject
Project("{FAE04EC0-301F-11D3-BF4B-00C04F79EFBC}") = "OnlineStore.Services.Impl", "OnlineStore.Services.Impl\OnlineStore.Services.Impl.csproj", "{FEC31827-A173-4649-928A-093123145F08}"
EndProject
Global
	GlobalSection(SolutionConfigurationPlatforms) = preSolution
		Debug|Any CPU = Debug|Any CPU
		Release|Any CPU = Release|Any CPU
	EndGlobalSection
	GlobalSection(ProjectConfigurationPlatforms) = postSolution
		{7AFEE896-CE3B-47CA-8E64-D804C17C327E}.Debug|Any CPU.ActiveCfg = Debug|Any CPU
		{7AFEE896-CE3B-47CA-8E64-D804C17C327E}.Debug|Any CPU.Build.0 = Debug|Any CPU
		{7AFEE896-CE3B-47CA-8E64-D804C17C327E}.Release|Any CPU.ActiveCfg = Release|Any CPU
		{7AFEE896-CE3B-47CA-8E64-D804C17C327E}.Release|Any CPU.Build.0 = Release|Any CPU
		{15526540-C89B-47B2-BDD3-EC244DE4D2DE}.Debug|Any CPU.ActiveCfg = Debug|Any CPU
		{15526540-C89B-47B2-BDD3-EC244DE4D2DE}.Debug|Any CPU.Build.0 = Debug|Any CPU
		{15526540-C89B-47B2-BDD3-EC244DE4D2DE}.Release|Any CPU.ActiveCfg = Release|Any CPU
		{15526540-C89B-47B2-BDD3-EC244DE4D2DE}.Release|Any CPU.Build.0 = Release|Any CPU
		{2EDB41DB-F663-4403-9407-1A7EA1EB01E0}.Debug|Any CPU.ActiveCfg = Debug|Any CPU
		{2EDB41DB-F663-4403-9407-1A7EA1EB01E0}.Debug|Any CPU.Build.0 = Debug|Any CPU
		{2EDB41DB-F663-4403-9407-1A7EA1EB01E0}.Release|Any CPU.ActiveCfg = Release|Any CPU
		{2EDB41DB-F663-4403-9407-1A7EA1EB01E0}.Release|Any CPU.Build.0 = Release|Any CPU
		{C7BC1969-FC5E-4704-99E8-611F6B064DE9}.Debug|Any CPU.ActiveCfg = Debug|Any CPU
		{C7BC1969-FC5E-4704-99E8-611F6B064DE9}.Debug|Any CPU.Build.0 = Debug|Any CPU
		{C7BC1969-FC5E-4704-99E8-611F6B064DE9}.Release|Any CPU.ActiveCfg = Release|Any CPU
		{C7BC1969-FC5E-4704-99E8-611F6B064DE9}.Release|Any CPU.Build.0 = Release|Any CPU
		{A07086F6-156E-4331-8105-C16970C8D314}.Debug|Any CPU.ActiveCfg = Debug|Any CPU
		{A07086F6-156E-4331-8105-C16970C8D314}.Debug|Any CPU.Build.0 = Debug|Any CPU
		{A07086F6-156E-4331-8105-C16970C8D314}.Release|Any CPU.ActiveCfg = Release|Any CPU
		{A07086F6-156E-4331-8105-C16970C8D314}.Release|Any CPU.Build.0 = Release|Any CPU
		{FEC31827-A173-4649-928A-093123145F08}.Debug|Any CPU.ActiveCfg = Debug|Any CPU
		{FEC31827-A173-4649-928A-093123145F08}.Debug|Any CPU.Build.0 = Debug|Any CPU
		{FEC31827-A173-4649-928A-093123145F08}.Release|Any CPU.ActiveCfg = Release|Any CPU
		{FEC31827-A173-4649-928A-093123145F08}.Release|Any CPU.Build.0 = Release|Any CPU
	EndGlobalSection
	GlobalSection(SolutionProperties) = preSolution
		HideSolutionNode = FALSE
	EndGlobalSection
	GlobalSection(ExtensibilityGlobals) = postSolution
		SolutionGuid = {95232469-3C3D-467B-B9D7-8A8F23993FD1}
	EndGlobalSection
EndGlobal
